# THIS IS AN AUTOGENERATED FILE. DO NOT EDIT THIS FILE DIRECTLY.
# yarn lockfile v1


marked@^0.3.7:
  version "0.3.7"
  resolved "https://registry.yarnpkg.com/marked/-/marked-0.3.7.tgz#80ef3bbf1bd00d1c9cfebe42ba1b8c85da258d0d"

node-watch@^0.5.5:
  version "0.5.5"
  resolved "https://registry.yarnpkg.com/node-watch/-/node-watch-0.5.5.tgz#34865ba8bc6861ab086acdcc3403e40ed55c3274"
